// !$*UTF8*$!
{
	archiveVersion = 1;
	classes = {
	};
	objectVersion = 51;
	objects = {

/* Begin PBXBuildFile section */
		45822D78228976A5587ECDD3 /* Pods_flixUITests.framework in Frameworks */ = {isa = PBXBuildFile; fileRef = 059E41BB0AE9A081FB4D2E03 /* Pods_flixUITests.framework */; };
		64D0456A48E8F916D108CCDD /* Pods_flixTests.framework in Frameworks */ = {isa = PBXBuildFile; fileRef = 1DE6AFB209B18EED14EA4247 /* Pods_flixTests.framework */; };
		DC10486323209EBC000F95C9 /* AppDelegate.swift in Sources */ = {isa = PBXBuildFile; fileRef = DC10486223209EBC000F95C9 /* AppDelegate.swift */; };
		DC10486823209EBC000F95C9 /* Main.storyboard in Resources */ = {isa = PBXBuildFile; fileRef = DC10486623209EBC000F95C9 /* Main.storyboard */; };
		DC10486A23209EBF000F95C9 /* Assets.xcassets in Resources */ = {isa = PBXBuildFile; fileRef = DC10486923209EBF000F95C9 /* Assets.xcassets */; };
		DC10486D23209EBF000F95C9 /* LaunchScreen.storyboard in Resources */ = {isa = PBXBuildFile; fileRef = DC10486B23209EBF000F95C9 /* LaunchScreen.storyboard */; };
		DC10487823209EBF000F95C9 /* flixTests.swift in Sources */ = {isa = PBXBuildFile; fileRef = DC10487723209EBF000F95C9 /* flixTests.swift */; };
		DC10488323209EBF000F95C9 /* flixUITests.swift in Sources */ = {isa = PBXBuildFile; fileRef = DC10488223209EBF000F95C9 /* flixUITests.swift */; };
		DC49882E23398B99005DC4CD /* MovieGridViewController.swift in Sources */ = {isa = PBXBuildFile; fileRef = DC49882D23398B99005DC4CD /* MovieGridViewController.swift */; };
		DC49883023398EE5005DC4CD /* MovieGridCell.swift in Sources */ = {isa = PBXBuildFile; fileRef = DC49882F23398EE5005DC4CD /* MovieGridCell.swift */; };
		DC7714B5F754C5B38A2BAD7F /* Pods_flix.framework in Frameworks */ = {isa = PBXBuildFile; fileRef = D1C9A98BFB2741D74D614E08 /* Pods_flix.framework */; };
		DCB42A5723304B49003A7D9E /* MovieViewController.swift in Sources */ = {isa = PBXBuildFile; fileRef = DCB42A5623304B49003A7D9E /* MovieViewController.swift */; };
		DCB42A5B23305B64003A7D9E /* MovieCell.swift in Sources */ = {isa = PBXBuildFile; fileRef = DCB42A5A23305B64003A7D9E /* MovieCell.swift */; };
		DCB42A6323394331003A7D9E /* MovieDetailsViewController.swift in Sources */ = {isa = PBXBuildFile; fileRef = DCB42A6223394331003A7D9E /* MovieDetailsViewController.swift */; };
/* End PBXBuildFile section */

/* Begin PBXContainerItemProxy section */
		DC10487423209EBF000F95C9 /* PBXContainerItemProxy */ = {
			isa = PBXContainerItemProxy;
			containerPortal = DC10485723209EBC000F95C9 /* Project object */;
			proxyType = 1;
			remoteGlobalIDString = DC10485E23209EBC000F95C9;
			remoteInfo = flix;
		};
		DC10487F23209EBF000F95C9 /* PBXContainerItemProxy */ = {
			isa = PBXContainerItemProxy;
			containerPortal = DC10485723209EBC000F95C9 /* Project object */;
			proxyType = 1;
			remoteGlobalIDString = DC10485E23209EBC000F95C9;
			remoteInfo = flix;
		};
/* End PBXContainerItemProxy section */

/* Begin PBXFileReference section */
		059E41BB0AE9A081FB4D2E03 /* Pods_flixUITests.framework */ = {isa = PBXFileReference; explicitFileType = wrapper.framework; includeInIndex = 0; path = Pods_flixUITests.framework; sourceTree = BUILT_PRODUCTS_DIR; };
		1DE6AFB209B18EED14EA4247 /* Pods_flixTests.framework */ = {isa = PBXFileReference; explicitFileType = wrapper.framework; includeInIndex = 0; path = Pods_flixTests.framework; sourceTree = BUILT_PRODUCTS_DIR; };
		1E733E7CA7E7512C8113289C /* Pods-flixUITests.release.xcconfig */ = {isa = PBXFileReference; includeInIndex = 1; lastKnownFileType = text.xcconfig; name = "Pods-flixUITests.release.xcconfig"; path = "Target Support Files/Pods-flixUITests/Pods-flixUITests.release.xcconfig"; sourceTree = "<group>"; };
		307DB6D19E8E9233605D2F35 /* Pods-flixUITests.debug.xcconfig */ = {isa = PBXFileReference; includeInIndex = 1; lastKnownFileType = text.xcconfig; name = "Pods-flixUITests.debug.xcconfig"; path = "Target Support Files/Pods-flixUITests/Pods-flixUITests.debug.xcconfig"; sourceTree = "<group>"; };
		6E976F07AFF31D9E110C217F /* Pods-flix.debug.xcconfig */ = {isa = PBXFileReference; includeInIndex = 1; lastKnownFileType = text.xcconfig; name = "Pods-flix.debug.xcconfig"; path = "Target Support Files/Pods-flix/Pods-flix.debug.xcconfig"; sourceTree = "<group>"; };
		96C71D2CA8B9377322F55975 /* Pods-flixTests.debug.xcconfig */ = {isa = PBXFileReference; includeInIndex = 1; lastKnownFileType = text.xcconfig; name = "Pods-flixTests.debug.xcconfig"; path = "Target Support Files/Pods-flixTests/Pods-flixTests.debug.xcconfig"; sourceTree = "<group>"; };
		971829BB0D037B63CBDC7F3C /* Pods-flix.release.xcconfig */ = {isa = PBXFileReference; includeInIndex = 1; lastKnownFileType = text.xcconfig; name = "Pods-flix.release.xcconfig"; path = "Target Support Files/Pods-flix/Pods-flix.release.xcconfig"; sourceTree = "<group>"; };
		9C5604309255860E1329ABE8 /* Pods-flixTests.release.xcconfig */ = {isa = PBXFileReference; includeInIndex = 1; lastKnownFileType = text.xcconfig; name = "Pods-flixTests.release.xcconfig"; path = "Target Support Files/Pods-flixTests/Pods-flixTests.release.xcconfig"; sourceTree = "<group>"; };
		D1C9A98BFB2741D74D614E08 /* Pods_flix.framework */ = {isa = PBXFileReference; explicitFileType = wrapper.framework; includeInIndex = 0; path = Pods_flix.framework; sourceTree = BUILT_PRODUCTS_DIR; };
		DC10485F23209EBC000F95C9 /* flix.app */ = {isa = PBXFileReference; explicitFileType = wrapper.application; includeInIndex = 0; path = flix.app; sourceTree = BUILT_PRODUCTS_DIR; };
		DC10486223209EBC000F95C9 /* AppDelegate.swift */ = {isa = PBXFileReference; lastKnownFileType = sourcecode.swift; path = AppDelegate.swift; sourceTree = "<group>"; };
		DC10486723209EBC000F95C9 /* Base */ = {isa = PBXFileReference; lastKnownFileType = file.storyboard; name = Base; path = Base.lproj/Main.storyboard; sourceTree = "<group>"; };
		DC10486923209EBF000F95C9 /* Assets.xcassets */ = {isa = PBXFileReference; lastKnownFileType = folder.assetcatalog; path = Assets.xcassets; sourceTree = "<group>"; };
		DC10486C23209EBF000F95C9 /* Base */ = {isa = PBXFileReference; lastKnownFileType = file.storyboard; name = Base; path = Base.lproj/LaunchScreen.storyboard; sourceTree = "<group>"; };
		DC10486E23209EBF000F95C9 /* Info.plist */ = {isa = PBXFileReference; lastKnownFileType = text.plist.xml; path = Info.plist; sourceTree = "<group>"; };
		DC10487323209EBF000F95C9 /* flixTests.xctest */ = {isa = PBXFileReference; explicitFileType = wrapper.cfbundle; includeInIndex = 0; path = flixTests.xctest; sourceTree = BUILT_PRODUCTS_DIR; };
		DC10487723209EBF000F95C9 /* flixTests.swift */ = {isa = PBXFileReference; lastKnownFileType = sourcecode.swift; path = flixTests.swift; sourceTree = "<group>"; };
		DC10487923209EBF000F95C9 /* Info.plist */ = {isa = PBXFileReference; lastKnownFileType = text.plist.xml; path = Info.plist; sourceTree = "<group>"; };
		DC10487E23209EBF000F95C9 /* flixUITests.xctest */ = {isa = PBXFileReference; explicitFileType = wrapper.cfbundle; includeInIndex = 0; path = flixUITests.xctest; sourceTree = BUILT_PRODUCTS_DIR; };
		DC10488223209EBF000F95C9 /* flixUITests.swift */ = {isa = PBXFileReference; lastKnownFileType = sourcecode.swift; path = flixUITests.swift; sourceTree = "<group>"; };
		DC10488423209EBF000F95C9 /* Info.plist */ = {isa = PBXFileReference; lastKnownFileType = text.plist.xml; path = Info.plist; sourceTree = "<group>"; };
		DC49882D23398B99005DC4CD /* MovieGridViewController.swift */ = {isa = PBXFileReference; lastKnownFileType = sourcecode.swift; path = MovieGridViewController.swift; sourceTree = "<group>"; };
		DC49882F23398EE5005DC4CD /* MovieGridCell.swift */ = {isa = PBXFileReference; lastKnownFileType = sourcecode.swift; path = MovieGridCell.swift; sourceTree = "<group>"; };
		DCB42A5623304B49003A7D9E /* MovieViewController.swift */ = {isa = PBXFileReference; lastKnownFileType = sourcecode.swift; path = MovieViewController.swift; sourceTree = "<group>"; };
		DCB42A5A23305B64003A7D9E /* MovieCell.swift */ = {isa = PBXFileReference; lastKnownFileType = sourcecode.swift; path = MovieCell.swift; sourceTree = "<group>"; };
		DCB42A6223394331003A7D9E /* MovieDetailsViewController.swift */ = {isa = PBXFileReference; lastKnownFileType = sourcecode.swift; path = MovieDetailsViewController.swift; sourceTree = "<group>"; };
/* End PBXFileReference section */

/* Begin PBXFrameworksBuildPhase section */
		DC10485C23209EBC000F95C9 /* Frameworks */ = {
			isa = PBXFrameworksBuildPhase;
			buildActionMask = 2147483647;
			files = (
				DC7714B5F754C5B38A2BAD7F /* Pods_flix.framework in Frameworks */,
			);
			runOnlyForDeploymentPostprocessing = 0;
		};
		DC10487023209EBF000F95C9 /* Frameworks */ = {
			isa = PBXFrameworksBuildPhase;
			buildActionMask = 2147483647;
			files = (
				64D0456A48E8F916D108CCDD /* Pods_flixTests.framework in Frameworks */,
			);
			runOnlyForDeploymentPostprocessing = 0;
		};
		DC10487B23209EBF000F95C9 /* Frameworks */ = {
			isa = PBXFrameworksBuildPhase;
			buildActionMask = 2147483647;
			files = (
				45822D78228976A5587ECDD3 /* Pods_flixUITests.framework in Frameworks */,
			);
			runOnlyForDeploymentPostprocessing = 0;
		};
/* End PBXFrameworksBuildPhase section */

/* Begin PBXGroup section */
		68746E5F270BDE04B7F63E1E /* Frameworks */ = {
			isa = PBXGroup;
			children = (
				D1C9A98BFB2741D74D614E08 /* Pods_flix.framework */,
				1DE6AFB209B18EED14EA4247 /* Pods_flixTests.framework */,
				059E41BB0AE9A081FB4D2E03 /* Pods_flixUITests.framework */,
			);
			name = Frameworks;
			sourceTree = "<group>";
		};
		DC10485623209EBC000F95C9 = {
			isa = PBXGroup;
			children = (
				DC10486123209EBC000F95C9 /* flix */,
				DC10487623209EBF000F95C9 /* flixTests */,
				DC10488123209EBF000F95C9 /* flixUITests */,
				DC10486023209EBC000F95C9 /* Products */,
				DCD095CED819A39B89E91E4B /* Pods */,
				68746E5F270BDE04B7F63E1E /* Frameworks */,
			);
			sourceTree = "<group>";
		};
		DC10486023209EBC000F95C9 /* Products */ = {
			isa = PBXGroup;
			children = (
				DC10485F23209EBC000F95C9 /* flix.app */,
				DC10487323209EBF000F95C9 /* flixTests.xctest */,
				DC10487E23209EBF000F95C9 /* flixUITests.xctest */,
			);
			name = Products;
			sourceTree = "<group>";
		};
		DC10486123209EBC000F95C9 /* flix */ = {
			isa = PBXGroup;
			children = (
				DC10486223209EBC000F95C9 /* AppDelegate.swift */,
				DCB42A5A23305B64003A7D9E /* MovieCell.swift */,
				DC10486623209EBC000F95C9 /* Main.storyboard */,
				DC49882F23398EE5005DC4CD /* MovieGridCell.swift */,
				DC49882D23398B99005DC4CD /* MovieGridViewController.swift */,
				DCB42A6223394331003A7D9E /* MovieDetailsViewController.swift */,
				DCB42A5623304B49003A7D9E /* MovieViewController.swift */,
				DC10486923209EBF000F95C9 /* Assets.xcassets */,
				DC10486B23209EBF000F95C9 /* LaunchScreen.storyboard */,
				DC10486E23209EBF000F95C9 /* Info.plist */,
			);
			path = flix;
			sourceTree = "<group>";
		};
		DC10487623209EBF000F95C9 /* flixTests */ = {
			isa = PBXGroup;
			children = (
				DC10487723209EBF000F95C9 /* flixTests.swift */,
				DC10487923209EBF000F95C9 /* Info.plist */,
			);
			path = flixTests;
			sourceTree = "<group>";
		};
		DC10488123209EBF000F95C9 /* flixUITests */ = {
			isa = PBXGroup;
			children = (
				DC10488223209EBF000F95C9 /* flixUITests.swift */,
				DC10488423209EBF000F95C9 /* Info.plist */,
			);
			path = flixUITests;
			sourceTree = "<group>";
		};
		DCD095CED819A39B89E91E4B /* Pods */ = {
			isa = PBXGroup;
			children = (
				6E976F07AFF31D9E110C217F /* Pods-flix.debug.xcconfig */,
				971829BB0D037B63CBDC7F3C /* Pods-flix.release.xcconfig */,
				96C71D2CA8B9377322F55975 /* Pods-flixTests.debug.xcconfig */,
				9C5604309255860E1329ABE8 /* Pods-flixTests.release.xcconfig */,
				307DB6D19E8E9233605D2F35 /* Pods-flixUITests.debug.xcconfig */,
				1E733E7CA7E7512C8113289C /* Pods-flixUITests.release.xcconfig */,
			);
			path = Pods;
			sourceTree = "<group>";
		};
/* End PBXGroup section */

/* Begin PBXNativeTarget section */
		DC10485E23209EBC000F95C9 /* flix */ = {
			isa = PBXNativeTarget;
			buildConfigurationList = DC10488723209EBF000F95C9 /* Build configuration list for PBXNativeTarget "flix" */;
			buildPhases = (
				BC71B5444E16DE29D227797E /* [CP] Check Pods Manifest.lock */,
				DC10485B23209EBC000F95C9 /* Sources */,
				DC10485C23209EBC000F95C9 /* Frameworks */,
				DC10485D23209EBC000F95C9 /* Resources */,
				2B22B0B701BAE878A0DD1480 /* [CP] Embed Pods Frameworks */,
			);
			buildRules = (
			);
			dependencies = (
			);
			name = flix;
			productName = flix;
			productReference = DC10485F23209EBC000F95C9 /* flix.app */;
			productType = "com.apple.product-type.application";
		};
		DC10487223209EBF000F95C9 /* flixTests */ = {
			isa = PBXNativeTarget;
			buildConfigurationList = DC10488A23209EBF000F95C9 /* Build configuration list for PBXNativeTarget "flixTests" */;
			buildPhases = (
				8977610D07C50D6D574DFEF4 /* [CP] Check Pods Manifest.lock */,
				DC10486F23209EBF000F95C9 /* Sources */,
				DC10487023209EBF000F95C9 /* Frameworks */,
				DC10487123209EBF000F95C9 /* Resources */,
			);
			buildRules = (
			);
			dependencies = (
				DC10487523209EBF000F95C9 /* PBXTargetDependency */,
			);
			name = flixTests;
			productName = flixTests;
			productReference = DC10487323209EBF000F95C9 /* flixTests.xctest */;
			productType = "com.apple.product-type.bundle.unit-test";
		};
		DC10487D23209EBF000F95C9 /* flixUITests */ = {
			isa = PBXNativeTarget;
			buildConfigurationList = DC10488D23209EBF000F95C9 /* Build configuration list for PBXNativeTarget "flixUITests" */;
			buildPhases = (
				C9CA256AC1EF82F3EE2F4F14 /* [CP] Check Pods Manifest.lock */,
				DC10487A23209EBF000F95C9 /* Sources */,
				DC10487B23209EBF000F95C9 /* Frameworks */,
				DC10487C23209EBF000F95C9 /* Resources */,
			);
			buildRules = (
			);
			dependencies = (
				DC10488023209EBF000F95C9 /* PBXTargetDependency */,
			);
			name = flixUITests;
			productName = flixUITests;
			productReference = DC10487E23209EBF000F95C9 /* flixUITests.xctest */;
			productType = "com.apple.product-type.bundle.ui-testing";
		};
/* End PBXNativeTarget section */

/* Begin PBXProject section */
		DC10485723209EBC000F95C9 /* Project object */ = {
			isa = PBXProject;
			attributes = {
				LastSwiftUpdateCheck = 1030;
				LastUpgradeCheck = 1030;
				ORGANIZATIONNAME = "Matthew Lambert";
				TargetAttributes = {
					DC10485E23209EBC000F95C9 = {
						CreatedOnToolsVersion = 10.3;
					};
					DC10487223209EBF000F95C9 = {
						CreatedOnToolsVersion = 10.3;
						TestTargetID = DC10485E23209EBC000F95C9;
					};
					DC10487D23209EBF000F95C9 = {
						CreatedOnToolsVersion = 10.3;
						TestTargetID = DC10485E23209EBC000F95C9;
					};
				};
			};
			buildConfigurationList = DC10485A23209EBC000F95C9 /* Build configuration list for PBXProject "flix" */;
			compatibilityVersion = "Xcode 9.3";
			developmentRegion = en;
			hasScannedForEncodings = 0;
			knownRegions = (
				en,
				Base,
			);
			mainGroup = DC10485623209EBC000F95C9;
			productRefGroup = DC10486023209EBC000F95C9 /* Products */;
			projectDirPath = "";
			projectRoot = "";
			targets = (
				DC10485E23209EBC000F95C9 /* flix */,
				DC10487223209EBF000F95C9 /* flixTests */,
				DC10487D23209EBF000F95C9 /* flixUITests */,
			);
		};
/* End PBXProject section */

/* Begin PBXResourcesBuildPhase section */
		DC10485D23209EBC000F95C9 /* Resources */ = {
			isa = PBXResourcesBuildPhase;
			buildActionMask = 2147483647;
			files = (
				DC10486D23209EBF000F95C9 /* LaunchScreen.storyboard in Resources */,
				DC10486A23209EBF000F95C9 /* Assets.xcassets in Resources */,
				DC10486823209EBC000F95C9 /* Main.storyboard in Resources */,
			);
			runOnlyForDeploymentPostprocessing = 0;
		};
		DC10487123209EBF000F95C9 /* Resources */ = {
			isa = PBXResourcesBuildPhase;
			buildActionMask = 2147483647;
			files = (
			);
			runOnlyForDeploymentPostprocessing = 0;
		};
		DC10487C23209EBF000F95C9 /* Resources */ = {
			isa = PBXResourcesBuildPhase;
			buildActionMask = 2147483647;
			files = (
			);
			runOnlyForDeploymentPostprocessing = 0;
		};
/* End PBXResourcesBuildPhase section */

/* Begin PBXShellScriptBuildPhase section */
		2B22B0B701BAE878A0DD1480 /* [CP] Embed Pods Frameworks */ = {
			isa = PBXShellScriptBuildPhase;
			buildActionMask = 2147483647;
			files = (
			);
			inputFileListPaths = (
				"${PODS_ROOT}/Target Support Files/Pods-flix/Pods-flix-frameworks-${CONFIGURATION}-input-files.xcfilelist",
			);
			name = "[CP] Embed Pods Frameworks";
			outputFileListPaths = (
				"${PODS_ROOT}/Target Support Files/Pods-flix/Pods-flix-frameworks-${CONFIGURATION}-output-files.xcfilelist",
			);
			runOnlyForDeploymentPostprocessing = 0;
			shellPath = /bin/sh;
			shellScript = "\"${PODS_ROOT}/Target Support Files/Pods-flix/Pods-flix-frameworks.sh\"\n";
			showEnvVarsInLog = 0;
		};
		8977610D07C50D6D574DFEF4 /* [CP] Check Pods Manifest.lock */ = {
			isa = PBXShellScriptBuildPhase;
			buildActionMask = 2147483647;
			files = (
			);
			inputFileListPaths = (
			);
			inputPaths = (
				"${PODS_PODFILE_DIR_PATH}/Podfile.lock",
				"${PODS_ROOT}/Manifest.lock",
			);
			name = "[CP] Check Pods Manifest.lock";
			outputFileListPaths = (
			);
			outputPaths = (
				"$(DERIVED_FILE_DIR)/Pods-flixTests-checkManifestLockResult.txt",
			);
			runOnlyForDeploymentPostprocessing = 0;
			shellPath = /bin/sh;
			shellScript = "diff \"${PODS_PODFILE_DIR_PATH}/Podfile.lock\" \"${PODS_ROOT}/Manifest.lock\" > /dev/null\nif [ $? != 0 ] ; then\n    # print error to STDERR\n    echo \"error: The sandbox is not in sync with the Podfile.lock. Run 'pod install' or update your CocoaPods installation.\" >&2\n    exit 1\nfi\n# This output is used by Xcode 'outputs' to avoid re-running this script phase.\necho \"SUCCESS\" > \"${SCRIPT_OUTPUT_FILE_0}\"\n";
			showEnvVarsInLog = 0;
		};
		BC71B5444E16DE29D227797E /* [CP] Check Pods Manifest.lock */ = {
			isa = PBXShellScriptBuildPhase;
			buildActionMask = 2147483647;
			files = (
			);
			inputFileListPaths = (
			);
			inputPaths = (
				"${PODS_PODFILE_DIR_PATH}/Podfile.lock",
				"${PODS_ROOT}/Manifest.lock",
			);
			name = "[CP] Check Pods Manifest.lock";
			outputFileListPaths = (
			);
			outputPaths = (
				"$(DERIVED_FILE_DIR)/Pods-flix-checkManifestLockResult.txt",
			);
			runOnlyForDeploymentPostprocessing = 0;
			shellPath = /bin/sh;
			shellScript = "diff \"${PODS_PODFILE_DIR_PATH}/Podfile.lock\" \"${PODS_ROOT}/Manifest.lock\" > /dev/null\nif [ $? != 0 ] ; then\n    # print error to STDERR\n    echo \"error: The sandbox is not in sync with the Podfile.lock. Run 'pod install' or update your CocoaPods installation.\" >&2\n    exit 1\nfi\n# This output is used by Xcode 'outputs' to avoid re-running this script phase.\necho \"SUCCESS\" > \"${SCRIPT_OUTPUT_FILE_0}\"\n";
			showEnvVarsInLog = 0;
		};
		C9CA256AC1EF82F3EE2F4F14 /* [CP] Check Pods Manifest.lock */ = {
			isa = PBXShellScriptBuildPhase;
			buildActionMask = 2147483647;
			files = (
			);
			inputFileListPaths = (
			);
			inputPaths = (
				"${PODS_PODFILE_DIR_PATH}/Podfile.lock",
				"${PODS_ROOT}/Manifest.lock",
			);
			name = "[CP] Check Pods Manifest.lock";
			outputFileListPaths = (
			);
			outputPaths = (
				"$(DERIVED_FILE_DIR)/Pods-flixUITests-checkManifestLockResult.txt",
			);
			runOnlyForDeploymentPostprocessing = 0;
			shellPath = /bin/sh;
			shellScript = "diff \"${PODS_PODFILE_DIR_PATH}/Podfile.lock\" \"${PODS_ROOT}/Manifest.lock\" > /dev/null\nif [ $? != 0 ] ; then\n    # print error to STDERR\n    echo \"error: The sandbox is not in sync with the Podfile.lock. Run 'pod install' or update your CocoaPods installation.\" >&2\n    exit 1\nfi\n# This output is used by Xcode 'outputs' to avoid re-running this script phase.\necho \"SUCCESS\" > \"${SCRIPT_OUTPUT_FILE_0}\"\n";
			showEnvVarsInLog = 0;
		};
/* End PBXShellScriptBuildPhase section */

/* Begin PBXSourcesBuildPhase section */
		DC10485B23209EBC000F95C9 /* Sources */ = {
			isa = PBXSourcesBuildPhase;
			buildActionMask = 2147483647;
			files = (
				DC49882E23398B99005DC4CD /* MovieGridViewController.swift in Sources */,
				DCB42A6323394331003A7D9E /* MovieDetailsViewController.swift in Sources */,
				DC10486323209EBC000F95C9 /* AppDelegate.swift in Sources */,
				DCB42A5723304B49003A7D9E /* MovieViewController.swift in Sources */,
				DC49883023398EE5005DC4CD /* MovieGridCell.swift in Sources */,
				DCB42A5B23305B64003A7D9E /* MovieCell.swift in Sources */,
			);
			runOnlyForDeploymentPostprocessing = 0;
		};
		DC10486F23209EBF000F95C9 /* Sources */ = {
			isa = PBXSourcesBuildPhase;
			buildActionMask = 2147483647;
			files = (
				DC10487823209EBF000F95C9 /* flixTests.swift in Sources */,
			);
			runOnlyForDeploymentPostprocessing = 0;
		};
		DC10487A23209EBF000F95C9 /* Sources */ = {
			isa = PBXSourcesBuildPhase;
			buildActionMask = 2147483647;
			files = (
				DC10488323209EBF000F95C9 /* flixUITests.swift in Sources */,
			);
			runOnlyForDeploymentPostprocessing = 0;
		};
/* End PBXSourcesBuildPhase section */

/* Begin PBXTargetDependency section */
		DC10487523209EBF000F95C9 /* PBXTargetDependency */ = {
			isa = PBXTargetDependency;
			target = DC10485E23209EBC000F95C9 /* flix */;
			targetProxy = DC10487423209EBF000F95C9 /* PBXContainerItemProxy */;
		};
		DC10488023209EBF000F95C9 /* PBXTargetDependency */ = {
			isa = PBXTargetDependency;
			target = DC10485E23209EBC000F95C9 /* flix */;
			targetProxy = DC10487F23209EBF000F95C9 /* PBXContainerItemProxy */;
		};
/* End PBXTargetDependency section */

/* Begin PBXVariantGroup section */
		DC10486623209EBC000F95C9 /* Main.storyboard */ = {
			isa = PBXVariantGroup;
			children = (
				DC10486723209EBC000F95C9 /* Base */,
			);
			name = Main.storyboard;
			sourceTree = "<group>";
		};
		DC10486B23209EBF000F95C9 /* LaunchScreen.storyboard */ = {
			isa = PBXVariantGroup;
			children = (
				DC10486C23209EBF000F95C9 /* Base */,
			);
			name = LaunchScreen.storyboard;
			sourceTree = "<group>";
		};
/* End PBXVariantGroup section */

/* Begin XCBuildConfiguration section */
		DC10488523209EBF000F95C9 /* Debug */ = {
			isa = XCBuildConfiguration;
			buildSettings = {
				ALWAYS_SEARCH_USER_PATHS = NO;
				CLANG_ANALYZER_NONNULL = YES;
				CLANG_ANALYZER_NUMBER_OBJECT_CONVERSION = YES_AGGRESSIVE;
				CLANG_CXX_LANGUAGE_STANDARD = "gnu++14";
				CLANG_CXX_LIBRARY = "libc++";
				CLANG_ENABLE_MODULES = YES;
				CLANG_ENABLE_OBJC_ARC = YES;
				CLANG_ENABLE_OBJC_WEAK = YES;
				CLANG_WARN_BLOCK_CAPTURE_AUTORELEASING = YES;
				CLANG_WARN_BOOL_CONVERSION = YES;
				CLANG_WARN_COMMA = YES;
				CLANG_WARN_CONSTANT_CONVERSION = YES;
				CLANG_WARN_DEPRECATED_OBJC_IMPLEMENTATIONS = YES;
				CLANG_WARN_DIRECT_OBJC_ISA_USAGE = YES_ERROR;
				CLANG_WARN_DOCUMENTATION_COMMENTS = YES;
				CLANG_WARN_EMPTY_BODY = YES;
				CLANG_WARN_ENUM_CONVERSION = YES;
				CLANG_WARN_INFINITE_RECURSION = YES;
				CLANG_WARN_INT_CONVERSION = YES;
				CLANG_WARN_NON_LITERAL_NULL_CONVERSION = YES;
				CLANG_WARN_OBJC_IMPLICIT_RETAIN_SELF = YES;
				CLANG_WARN_OBJC_LITERAL_CONVERSION = YES;
				CLANG_WARN_OBJC_ROOT_CLASS = YES_ERROR;
				CLANG_WARN_RANGE_LOOP_ANALYSIS = YES;
				CLANG_WARN_STRICT_PROTOTYPES = YES;
				CLANG_WARN_SUSPICIOUS_MOVE = YES;
				CLANG_WARN_UNGUARDED_AVAILABILITY = YES_AGGRESSIVE;
				CLANG_WARN_UNREACHABLE_CODE = YES;
				CLANG_WARN__DUPLICATE_METHOD_MATCH = YES;
				CODE_SIGN_IDENTITY = "iPhone Developer";
				COPY_PHASE_STRIP = NO;
				DEBUG_INFORMATION_FORMAT = dwarf;
				ENABLE_STRICT_OBJC_MSGSEND = YES;
				ENABLE_TESTABILITY = YES;
				GCC_C_LANGUAGE_STANDARD = gnu11;
				GCC_DYNAMIC_NO_PIC = NO;
				GCC_NO_COMMON_BLOCKS = YES;
				GCC_OPTIMIZATION_LEVEL = 0;
				GCC_PREPROCESSOR_DEFINITIONS = (
					"DEBUG=1",
					"$(inherited)",
				);
				GCC_WARN_64_TO_32_BIT_CONVERSION = YES;
				GCC_WARN_ABOUT_RETURN_TYPE = YES_ERROR;
				GCC_WARN_UNDECLARED_SELECTOR = YES;
				GCC_WARN_UNINITIALIZED_AUTOS = YES_AGGRESSIVE;
				GCC_WARN_UNUSED_FUNCTION = YES;
				GCC_WARN_UNUSED_VARIABLE = YES;
				IPHONEOS_DEPLOYMENT_TARGET = 12.4;
				MTL_ENABLE_DEBUG_INFO = INCLUDE_SOURCE;
				MTL_FAST_MATH = YES;
				ONLY_ACTIVE_ARCH = YES;
				SDKROOT = iphoneos;
				SWIFT_ACTIVE_COMPILATION_CONDITIONS = DEBUG;
				SWIFT_OPTIMIZATION_LEVEL = "-Onone";
			};
			name = Debug;
		};
		DC10488623209EBF000F95C9 /* Release */ = {
			isa = XCBuildConfiguration;
			buildSettings = {
				ALWAYS_SEARCH_USER_PATHS = NO;
				CLANG_ANALYZER_NONNULL = YES;
				CLANG_ANALYZER_NUMBER_OBJECT_CONVERSION = YES_AGGRESSIVE;
				CLANG_CXX_LANGUAGE_STANDARD = "gnu++14";
				CLANG_CXX_LIBRARY = "libc++";
				CLANG_ENABLE_MODULES = YES;
				CLANG_ENABLE_OBJC_ARC = YES;
				CLANG_ENABLE_OBJC_WEAK = YES;
				CLANG_WARN_BLOCK_CAPTURE_AUTORELEASING = YES;
				CLANG_WARN_BOOL_CONVERSION = YES;
				CLANG_WARN_COMMA = YES;
				CLANG_WARN_CONSTANT_CONVERSION = YES;
				CLANG_WARN_DEPRECATED_OBJC_IMPLEMENTATIONS = YES;
				CLANG_WARN_DIRECT_OBJC_ISA_USAGE = YES_ERROR;
				CLANG_WARN_DOCUMENTATION_COMMENTS = YES;
				CLANG_WARN_EMPTY_BODY = YES;
				CLANG_WARN_ENUM_CONVERSION = YES;
				CLANG_WARN_INFINITE_RECURSION = YES;
				CLANG_WARN_INT_CONVERSION = YES;
				CLANG_WARN_NON_LITERAL_NULL_CONVERSION = YES;
				CLANG_WARN_OBJC_IMPLICIT_RETAIN_SELF = YES;
				CLANG_WARN_OBJC_LITERAL_CONVERSION = YES;
				CLANG_WARN_OBJC_ROOT_CLASS = YES_ERROR;
				CLANG_WARN_RANGE_LOOP_ANALYSIS = YES;
				CLANG_WARN_STRICT_PROTOTYPES = YES;
				CLANG_WARN_SUSPICIOUS_MOVE = YES;
				CLANG_WARN_UNGUARDED_AVAILABILITY = YES_AGGRESSIVE;
				CLANG_WARN_UNREACHABLE_CODE = YES;
				CLANG_WARN__DUPLICATE_METHOD_MATCH = YES;
				CODE_SIGN_IDENTITY = "iPhone Developer";
				COPY_PHASE_STRIP = NO;
				DEBUG_INFORMATION_FORMAT = "dwarf-with-dsym";
				ENABLE_NS_ASSERTIONS = NO;
				ENABLE_STRICT_OBJC_MSGSEND = YES;
				GCC_C_LANGUAGE_STANDARD = gnu11;
				GCC_NO_COMMON_BLOCKS = YES;
				GCC_WARN_64_TO_32_BIT_CONVERSION = YES;
				GCC_WARN_ABOUT_RETURN_TYPE = YES_ERROR;
				GCC_WARN_UNDECLARED_SELECTOR = YES;
				GCC_WARN_UNINITIALIZED_AUTOS = YES_AGGRESSIVE;
				GCC_WARN_UNUSED_FUNCTION = YES;
				GCC_WARN_UNUSED_VARIABLE = YES;
				IPHONEOS_DEPLOYMENT_TARGET = 12.4;
				MTL_ENABLE_DEBUG_INFO = NO;
				MTL_FAST_MATH = YES;
				SDKROOT = iphoneos;
				SWIFT_COMPILATION_MODE = wholemodule;
				SWIFT_OPTIMIZATION_LEVEL = "-O";
				VALIDATE_PRODUCT = YES;
			};
			name = Release;
		};
		DC10488823209EBF000F95C9 /* Debug */ = {
			isa = XCBuildConfiguration;
			baseConfigurationReference = 6E976F07AFF31D9E110C217F /* Pods-flix.debug.xcconfig */;
			buildSettings = {
				ASSETCATALOG_COMPILER_APPICON_NAME = AppIcon;
				CODE_SIGN_STYLE = Automatic;
				DEVELOPMENT_TEAM = J8K7SB34ZH;
				INFOPLIST_FILE = flix/Info.plist;
				LD_RUNPATH_SEARCH_PATHS = (
					"$(inherited)",
					"@executable_path/Frameworks",
				);
				PRODUCT_BUNDLE_IDENTIFIER = mattLambert.flix;
				PRODUCT_NAME = "$(TARGET_NAME)";
				SWIFT_VERSION = 5.0;
				TARGETED_DEVICE_FAMILY = "1,2";
			};
			name = Debug;
		};
		DC10488923209EBF000F95C9 /* Release */ = {
			isa = XCBuildConfiguration;
			baseConfigurationReference = 971829BB0D037B63CBDC7F3C /* Pods-flix.release.xcconfig */;
			buildSettings = {
				ASSETCATALOG_COMPILER_APPICON_NAME = AppIcon;
				CODE_SIGN_STYLE = Automatic;
				DEVELOPMENT_TEAM = J8K7SB34ZH;
				INFOPLIST_FILE = flix/Info.plist;
				LD_RUNPATH_SEARCH_PATHS = (
					"$(inherited)",
					"@executable_path/Frameworks",
				);
				PRODUCT_BUNDLE_IDENTIFIER = mattLambert.flix;
				PRODUCT_NAME = "$(TARGET_NAME)";
				SWIFT_VERSION = 5.0;
				TARGETED_DEVICE_FAMILY = "1,2";
			};
			name = Release;
		};
		DC10488B23209EBF000F95C9 /* Debug */ = {
			isa = XCBuildConfiguration;
			baseConfigurationReference = 96C71D2CA8B9377322F55975 /* Pods-flixTests.debug.xcconfig */;
			buildSettings = {
				ALWAYS_EMBED_SWIFT_STANDARD_LIBRARIES = YES;
				BUNDLE_LOADER = "$(TEST_HOST)";
				CODE_SIGN_STYLE = Automatic;
				DEVELOPMENT_TEAM = J8K7SB34ZH;
				INFOPLIST_FILE = flixTests/Info.plist;
				LD_RUNPATH_SEARCH_PATHS = (
					"$(inherited)",
					"@executable_path/Frameworks",
					"@loader_path/Frameworks",
				);
				PRODUCT_BUNDLE_IDENTIFIER = mattLambert.flixTests;
				PRODUCT_NAME = "$(TARGET_NAME)";
				SWIFT_VERSION = 5.0;
				TARGETED_DEVICE_FAMILY = "1,2";
				TEST_HOST = "$(BUILT_PRODUCTS_DIR)/flix.app/flix";
			};
			name = Debug;
		};
		DC10488C23209EBF000F95C9 /* Release */ = {
			isa = XCBuildConfiguration;
			baseConfigurationReference = 9C5604309255860E1329ABE8 /* Pods-flixTests.release.xcconfig */;
			buildSettings = {
				ALWAYS_EMBED_SWIFT_STANDARD_LIBRARIES = YES;
				BUNDLE_LOADER = "$(TEST_HOST)";
				CODE_SIGN_STYLE = Automatic;
				DEVELOPMENT_TEAM = J8K7SB34ZH;
				INFOPLIST_FILE = flixTests/Info.plist;
				LD_RUNPATH_SEARCH_PATHS = (
					"$(inherited)",
					"@executable_path/Frameworks",
					"@loader_path/Frameworks",
				);
				PRODUCT_BUNDLE_IDENTIFIER = mattLambert.flixTests;
				PRODUCT_NAME = "$(TARGET_NAME)";
				SWIFT_VERSION = 5.0;
				TARGETED_DEVICE_FAMILY = "1,2";
				TEST_HOST = "$(BUILT_PRODUCTS_DIR)/flix.app/flix";
			};
			name = Release;
		};
		DC10488E23209EBF000F95C9 /* Debug */ = {
			isa = XCBuildConfiguration;
			baseConfigurationReference = 307DB6D19E8E9233605D2F35 /* Pods-flixUITests.debug.xcconfig */;
			buildSettings = {
				ALWAYS_EMBED_SWIFT_STANDARD_LIBRARIES = YES;
				CODE_SIGN_STYLE = Automatic;
				DEVELOPMENT_TEAM = J8K7SB34ZH;
				INFOPLIST_FILE = flixUITests/Info.plist;
				LD_RUNPATH_SEARCH_PATHS = (
					"$(inherited)",
					"@executable_path/Frameworks",
					"@loader_path/Frameworks",
				);
				PRODUCT_BUNDLE_IDENTIFIER = mattLambert.flixUITests;
				PRODUCT_NAME = "$(TARGET_NAME)";
				SWIFT_VERSION = 5.0;
				TARGETED_DEVICE_FAMILY = "1,2";
				TEST_TARGET_NAME = flix;
			};
			name = Debug;
		};
		DC10488F23209EBF000F95C9 /* Release */ = {
			isa = XCBuildConfiguration;
			baseConfigurationReference = 1E733E7CA7E7512C8113289C /* Pods-flixUITests.release.xcconfig */;
			buildSettings = {
				ALWAYS_EMBED_SWIFT_STANDARD_LIBRARIES = YES;
				CODE_SIGN_STYLE = Automatic;
				DEVELOPMENT_TEAM = J8K7SB34ZH;
				INFOPLIST_FILE = flixUITests/Info.plist;
				LD_RUNPATH_SEARCH_PATHS = (
					"$(inherited)",
					"@executable_path/Frameworks",
					"@loader_path/Frameworks",
				);
				PRODUCT_BUNDLE_IDENTIFIER = mattLambert.flixUITests;
				PRODUCT_NAME = "$(TARGET_NAME)";
				SWIFT_VERSION = 5.0;
				TARGETED_DEVICE_FAMILY = "1,2";
				TEST_TARGET_NAME = flix;
			};
			name = Release;
		};
/* End XCBuildConfiguration section */

/* Begin XCConfigurationList section */
		DC10485A23209EBC000F95C9 /* Build configuration list for PBXProject "flix" */ = {
			isa = XCConfigurationList;
			buildConfigurations = (
				DC10488523209EBF000F95C9 /* Debug */,
				DC10488623209EBF000F95C9 /* Release */,
			);
			defaultConfigurationIsVisible = 0;
			defaultConfigurationName = Release;
		};
		DC10488723209EBF000F95C9 /* Build configuration list for PBXNativeTarget "flix" */ = {
			isa = XCConfigurationList;
			buildConfigurations = (
				DC10488823209EBF000F95C9 /* Debug */,
				DC10488923209EBF000F95C9 /* Release */,
			);
			defaultConfigurationIsVisible = 0;
			defaultConfigurationName = Release;
		};
		DC10488A23209EBF000F95C9 /* Build configuration list for PBXNativeTarget "flixTests" */ = {
			isa = XCConfigurationList;
			buildConfigurations = (
				DC10488B23209EBF000F95C9 /* Debug */,
				DC10488C23209EBF000F95C9 /* Release */,
			);
			defaultConfigurationIsVisible = 0;
			defaultConfigurationName = Release;
		};
		DC10488D23209EBF000F95C9 /* Build configuration list for PBXNativeTarget "flixUITests" */ = {
			isa = XCConfigurationList;
			buildConfigurations = (
				DC10488E23209EBF000F95C9 /* Debug */,
				DC10488F23209EBF000F95C9 /* Release */,
			);
			defaultConfigurationIsVisible = 0;
			defaultConfigurationName = Release;
		};
/* End XCConfigurationList section */
	};
	rootObject = DC10485723209EBC000F95C9 /* Project object */;
}
